// !$*UTF8*$!
{
	archiveVersion = 1;
	classes = {
	};
	objectVersion = 48;
	objects = {

/* Begin PBXBuildFile section */
		094F295F20EF372500772723 /* AppDelegate.m in Sources */ = {isa = PBXBuildFile; fileRef = 094F295E20EF372500772723 /* AppDelegate.m */; };
		094F296220EF372500772723 /* ViewController.m in Sources */ = {isa = PBXBuildFile; fileRef = 094F296120EF372500772723 /* ViewController.m */; };
		094F296520EF372500772723 /* Main.storyboard in Resources */ = {isa = PBXBuildFile; fileRef = 094F296320EF372500772723 /* Main.storyboard */; };
		094F296720EF372500772723 /* Assets.xcassets in Resources */ = {isa = PBXBuildFile; fileRef = 094F296620EF372500772723 /* Assets.xcassets */; };
		094F296A20EF372500772723 /* LaunchScreen.storyboard in Resources */ = {isa = PBXBuildFile; fileRef = 094F296820EF372500772723 /* LaunchScreen.storyboard */; };
		094F296D20EF372500772723 /* main.m in Sources */ = {isa = PBXBuildFile; fileRef = 094F296C20EF372500772723 /* main.m */; };
		094F297720EF372500772723 /* SYPopTipTests.m in Sources */ = {isa = PBXBuildFile; fileRef = 094F297620EF372500772723 /* SYPopTipTests.m */; };
		094F298220EF372500772723 /* SYPopTipUITests.m in Sources */ = {isa = PBXBuildFile; fileRef = 094F298120EF372500772723 /* SYPopTipUITests.m */; };
		8BFA6D935687290A78A8637C /* libPods-SYPopTip.a in Frameworks */ = {isa = PBXBuildFile; fileRef = 3AC3FD9447893F906D763074 /* libPods-SYPopTip.a */; };
		D7EC67E3E8107285FEE8E803 /* libPods-SYPopTipUITests.a in Frameworks */ = {isa = PBXBuildFile; fileRef = 90E7551E62E4613BF60ABB27 /* libPods-SYPopTipUITests.a */; };
		F6EF79848777756AD5A35BFF /* libPods-SYPopTipTests.a in Frameworks */ = {isa = PBXBuildFile; fileRef = A0BA8267B0E33626CE9103A2 /* libPods-SYPopTipTests.a */; };
/* End PBXBuildFile section */

/* Begin PBXContainerItemProxy section */
		094F297320EF372500772723 /* PBXContainerItemProxy */ = {
			isa = PBXContainerItemProxy;
			containerPortal = 094F295220EF372500772723 /* Project object */;
			proxyType = 1;
			remoteGlobalIDString = 094F295920EF372500772723;
			remoteInfo = SYPopTip;
		};
		094F297E20EF372500772723 /* PBXContainerItemProxy */ = {
			isa = PBXContainerItemProxy;
			containerPortal = 094F295220EF372500772723 /* Project object */;
			proxyType = 1;
			remoteGlobalIDString = 094F295920EF372500772723;
			remoteInfo = SYPopTip;
		};
/* End PBXContainerItemProxy section */

/* Begin PBXFileReference section */
		094F295A20EF372500772723 /* SYPopTip.app */ = {isa = PBXFileReference; explicitFileType = wrapper.application; includeInIndex = 0; path = SYPopTip.app; sourceTree = BUILT_PRODUCTS_DIR; };
		094F295D20EF372500772723 /* AppDelegate.h */ = {isa = PBXFileReference; lastKnownFileType = sourcecode.c.h; path = AppDelegate.h; sourceTree = "<group>"; };
		094F295E20EF372500772723 /* AppDelegate.m */ = {isa = PBXFileReference; lastKnownFileType = sourcecode.c.objc; path = AppDelegate.m; sourceTree = "<group>"; };
		094F296020EF372500772723 /* ViewController.h */ = {isa = PBXFileReference; lastKnownFileType = sourcecode.c.h; path = ViewController.h; sourceTree = "<group>"; };
		094F296120EF372500772723 /* ViewController.m */ = {isa = PBXFileReference; lastKnownFileType = sourcecode.c.objc; path = ViewController.m; sourceTree = "<group>"; };
		094F296420EF372500772723 /* Base */ = {isa = PBXFileReference; lastKnownFileType = file.storyboard; name = Base; path = Base.lproj/Main.storyboard; sourceTree = "<group>"; };
		094F296620EF372500772723 /* Assets.xcassets */ = {isa = PBXFileReference; lastKnownFileType = folder.assetcatalog; path = Assets.xcassets; sourceTree = "<group>"; };
		094F296920EF372500772723 /* Base */ = {isa = PBXFileReference; lastKnownFileType = file.storyboard; name = Base; path = Base.lproj/LaunchScreen.storyboard; sourceTree = "<group>"; };
		094F296B20EF372500772723 /* Info.plist */ = {isa = PBXFileReference; lastKnownFileType = text.plist.xml; path = Info.plist; sourceTree = "<group>"; };
		094F296C20EF372500772723 /* main.m */ = {isa = PBXFileReference; lastKnownFileType = sourcecode.c.objc; path = main.m; sourceTree = "<group>"; };
		094F297220EF372500772723 /* SYPopTipTests.xctest */ = {isa = PBXFileReference; explicitFileType = wrapper.cfbundle; includeInIndex = 0; path = SYPopTipTests.xctest; sourceTree = BUILT_PRODUCTS_DIR; };
		094F297620EF372500772723 /* SYPopTipTests.m */ = {isa = PBXFileReference; lastKnownFileType = sourcecode.c.objc; path = SYPopTipTests.m; sourceTree = "<group>"; };
		094F297820EF372500772723 /* Info.plist */ = {isa = PBXFileReference; lastKnownFileType = text.plist.xml; path = Info.plist; sourceTree = "<group>"; };
		094F297D20EF372500772723 /* SYPopTipUITests.xctest */ = {isa = PBXFileReference; explicitFileType = wrapper.cfbundle; includeInIndex = 0; path = SYPopTipUITests.xctest; sourceTree = BUILT_PRODUCTS_DIR; };
		094F298120EF372500772723 /* SYPopTipUITests.m */ = {isa = PBXFileReference; lastKnownFileType = sourcecode.c.objc; path = SYPopTipUITests.m; sourceTree = "<group>"; };
		094F298320EF372500772723 /* Info.plist */ = {isa = PBXFileReference; lastKnownFileType = text.plist.xml; path = Info.plist; sourceTree = "<group>"; };
		398C6301EC264E7C1712651F /* Pods-SYPopTipTests.release.xcconfig */ = {isa = PBXFileReference; includeInIndex = 1; lastKnownFileType = text.xcconfig; name = "Pods-SYPopTipTests.release.xcconfig"; path = "Pods/Target Support Files/Pods-SYPopTipTests/Pods-SYPopTipTests.release.xcconfig"; sourceTree = "<group>"; };
		3AC3FD9447893F906D763074 /* libPods-SYPopTip.a */ = {isa = PBXFileReference; explicitFileType = archive.ar; includeInIndex = 0; path = "libPods-SYPopTip.a"; sourceTree = BUILT_PRODUCTS_DIR; };
		63C699345FD2EA87A1AA4E86 /* Pods-SYPopTipUITests.release.xcconfig */ = {isa = PBXFileReference; includeInIndex = 1; lastKnownFileType = text.xcconfig; name = "Pods-SYPopTipUITests.release.xcconfig"; path = "Pods/Target Support Files/Pods-SYPopTipUITests/Pods-SYPopTipUITests.release.xcconfig"; sourceTree = "<group>"; };
		887834D4ACC1380B770CC563 /* Pods-SYPopTip.release.xcconfig */ = {isa = PBXFileReference; includeInIndex = 1; lastKnownFileType = text.xcconfig; name = "Pods-SYPopTip.release.xcconfig"; path = "Pods/Target Support Files/Pods-SYPopTip/Pods-SYPopTip.release.xcconfig"; sourceTree = "<group>"; };
		90E7551E62E4613BF60ABB27 /* libPods-SYPopTipUITests.a */ = {isa = PBXFileReference; explicitFileType = archive.ar; includeInIndex = 0; path = "libPods-SYPopTipUITests.a"; sourceTree = BUILT_PRODUCTS_DIR; };
		9F25908DE74C66AC2109FACF /* Pods-SYPopTipUITests.debug.xcconfig */ = {isa = PBXFileReference; includeInIndex = 1; lastKnownFileType = text.xcconfig; name = "Pods-SYPopTipUITests.debug.xcconfig"; path = "Pods/Target Support Files/Pods-SYPopTipUITests/Pods-SYPopTipUITests.debug.xcconfig"; sourceTree = "<group>"; };
		A0BA8267B0E33626CE9103A2 /* libPods-SYPopTipTests.a */ = {isa = PBXFileReference; explicitFileType = archive.ar; includeInIndex = 0; path = "libPods-SYPopTipTests.a"; sourceTree = BUILT_PRODUCTS_DIR; };
		BCD909E276988250579C1B80 /* Pods-SYPopTip.debug.xcconfig */ = {isa = PBXFileReference; includeInIndex = 1; lastKnownFileType = text.xcconfig; name = "Pods-SYPopTip.debug.xcconfig"; path = "Pods/Target Support Files/Pods-SYPopTip/Pods-SYPopTip.debug.xcconfig"; sourceTree = "<group>"; };
		EC7DCE8513BD3A9384929364 /* Pods-SYPopTipTests.debug.xcconfig */ = {isa = PBXFileReference; includeInIndex = 1; lastKnownFileType = text.xcconfig; name = "Pods-SYPopTipTests.debug.xcconfig"; path = "Pods/Target Support Files/Pods-SYPopTipTests/Pods-SYPopTipTests.debug.xcconfig"; sourceTree = "<group>"; };
/* End PBXFileReference section */

/* Begin PBXFrameworksBuildPhase section */
		094F295720EF372500772723 /* Frameworks */ = {
			isa = PBXFrameworksBuildPhase;
			buildActionMask = 2147483647;
			files = (
				8BFA6D935687290A78A8637C /* libPods-SYPopTip.a in Frameworks */,
			);
			runOnlyForDeploymentPostprocessing = 0;
		};
		094F296F20EF372500772723 /* Frameworks */ = {
			isa = PBXFrameworksBuildPhase;
			buildActionMask = 2147483647;
			files = (
				F6EF79848777756AD5A35BFF /* libPods-SYPopTipTests.a in Frameworks */,
			);
			runOnlyForDeploymentPostprocessing = 0;
		};
		094F297A20EF372500772723 /* Frameworks */ = {
			isa = PBXFrameworksBuildPhase;
			buildActionMask = 2147483647;
			files = (
				D7EC67E3E8107285FEE8E803 /* libPods-SYPopTipUITests.a in Frameworks */,
			);
			runOnlyForDeploymentPostprocessing = 0;
		};
/* End PBXFrameworksBuildPhase section */

/* Begin PBXGroup section */
		094F295120EF372500772723 = {
			isa = PBXGroup;
			children = (
				094F295C20EF372500772723 /* SYPopTip */,
				094F297520EF372500772723 /* SYPopTipTests */,
				094F298020EF372500772723 /* SYPopTipUITests */,
				094F295B20EF372500772723 /* Products */,
				50DA36BD28DAF00B239628D0 /* Pods */,
				F11586612432C0AD53D63612 /* Frameworks */,
			);
			sourceTree = "<group>";
		};
		094F295B20EF372500772723 /* Products */ = {
			isa = PBXGroup;
			children = (
				094F295A20EF372500772723 /* SYPopTip.app */,
				094F297220EF372500772723 /* SYPopTipTests.xctest */,
				094F297D20EF372500772723 /* SYPopTipUITests.xctest */,
			);
			name = Products;
			sourceTree = "<group>";
		};
		094F295C20EF372500772723 /* SYPopTip */ = {
			isa = PBXGroup;
			children = (
				094F295D20EF372500772723 /* AppDelegate.h */,
				094F295E20EF372500772723 /* AppDelegate.m */,
				094F296020EF372500772723 /* ViewController.h */,
				094F296120EF372500772723 /* ViewController.m */,
				094F296320EF372500772723 /* Main.storyboard */,
				094F296620EF372500772723 /* Assets.xcassets */,
				094F296820EF372500772723 /* LaunchScreen.storyboard */,
				094F296B20EF372500772723 /* Info.plist */,
				094F296C20EF372500772723 /* main.m */,
			);
			path = SYPopTip;
			sourceTree = "<group>";
		};
		094F297520EF372500772723 /* SYPopTipTests */ = {
			isa = PBXGroup;
			children = (
				094F297620EF372500772723 /* SYPopTipTests.m */,
				094F297820EF372500772723 /* Info.plist */,
			);
			path = SYPopTipTests;
			sourceTree = "<group>";
		};
		094F298020EF372500772723 /* SYPopTipUITests */ = {
			isa = PBXGroup;
			children = (
				094F298120EF372500772723 /* SYPopTipUITests.m */,
				094F298320EF372500772723 /* Info.plist */,
			);
			path = SYPopTipUITests;
			sourceTree = "<group>";
		};
		50DA36BD28DAF00B239628D0 /* Pods */ = {
			isa = PBXGroup;
			children = (
				BCD909E276988250579C1B80 /* Pods-SYPopTip.debug.xcconfig */,
				887834D4ACC1380B770CC563 /* Pods-SYPopTip.release.xcconfig */,
				EC7DCE8513BD3A9384929364 /* Pods-SYPopTipTests.debug.xcconfig */,
				398C6301EC264E7C1712651F /* Pods-SYPopTipTests.release.xcconfig */,
				9F25908DE74C66AC2109FACF /* Pods-SYPopTipUITests.debug.xcconfig */,
				63C699345FD2EA87A1AA4E86 /* Pods-SYPopTipUITests.release.xcconfig */,
			);
			name = Pods;
			sourceTree = "<group>";
		};
		F11586612432C0AD53D63612 /* Frameworks */ = {
			isa = PBXGroup;
			children = (
				3AC3FD9447893F906D763074 /* libPods-SYPopTip.a */,
				A0BA8267B0E33626CE9103A2 /* libPods-SYPopTipTests.a */,
				90E7551E62E4613BF60ABB27 /* libPods-SYPopTipUITests.a */,
			);
			name = Frameworks;
			sourceTree = "<group>";
		};
/* End PBXGroup section */

/* Begin PBXNativeTarget section */
		094F295920EF372500772723 /* SYPopTip */ = {
			isa = PBXNativeTarget;
			buildConfigurationList = 094F298620EF372500772723 /* Build configuration list for PBXNativeTarget "SYPopTip" */;
			buildPhases = (
				4A5971C235FFFAE1976BBE8B /* [CP] Check Pods Manifest.lock */,
				094F295620EF372500772723 /* Sources */,
				094F295720EF372500772723 /* Frameworks */,
				094F295820EF372500772723 /* Resources */,
				C4DE49D317394989CF1ABF22 /* [CP] Embed Pods Frameworks */,
				96705DDC938B7D1DECCFFBD9 /* [CP] Copy Pods Resources */,
			);
			buildRules = (
			);
			dependencies = (
			);
			name = SYPopTip;
			productName = SYPopTip;
			productReference = 094F295A20EF372500772723 /* SYPopTip.app */;
			productType = "com.apple.product-type.application";
		};
		094F297120EF372500772723 /* SYPopTipTests */ = {
			isa = PBXNativeTarget;
			buildConfigurationList = 094F298920EF372500772723 /* Build configuration list for PBXNativeTarget "SYPopTipTests" */;
			buildPhases = (
				210746059B19567E06C60581 /* [CP] Check Pods Manifest.lock */,
				094F296E20EF372500772723 /* Sources */,
				094F296F20EF372500772723 /* Frameworks */,
				094F297020EF372500772723 /* Resources */,
				DDA365268FF92E8735DC8947 /* [CP] Embed Pods Frameworks */,
				412758F8FF88DF6A0593D97A /* [CP] Copy Pods Resources */,
			);
			buildRules = (
			);
			dependencies = (
				094F297420EF372500772723 /* PBXTargetDependency */,
			);
			name = SYPopTipTests;
			productName = SYPopTipTests;
			productReference = 094F297220EF372500772723 /* SYPopTipTests.xctest */;
			productType = "com.apple.product-type.bundle.unit-test";
		};
		094F297C20EF372500772723 /* SYPopTipUITests */ = {
			isa = PBXNativeTarget;
			buildConfigurationList = 094F298C20EF372500772723 /* Build configuration list for PBXNativeTarget "SYPopTipUITests" */;
			buildPhases = (
				16B43754A572B4C36F9745D8 /* [CP] Check Pods Manifest.lock */,
				094F297920EF372500772723 /* Sources */,
				094F297A20EF372500772723 /* Frameworks */,
				094F297B20EF372500772723 /* Resources */,
				7F55B6D3B0D42D01DA8E2BBD /* [CP] Embed Pods Frameworks */,
				A4A800F63261FAF304A50AA6 /* [CP] Copy Pods Resources */,
			);
			buildRules = (
			);
			dependencies = (
				094F297F20EF372500772723 /* PBXTargetDependency */,
			);
			name = SYPopTipUITests;
			productName = SYPopTipUITests;
			productReference = 094F297D20EF372500772723 /* SYPopTipUITests.xctest */;
			productType = "com.apple.product-type.bundle.ui-testing";
		};
/* End PBXNativeTarget section */

/* Begin PBXProject section */
		094F295220EF372500772723 /* Project object */ = {
			isa = PBXProject;
			attributes = {
				LastUpgradeCheck = 0920;
				ORGANIZATIONNAME = syx;
				TargetAttributes = {
					094F295920EF372500772723 = {
						CreatedOnToolsVersion = 9.2;
						ProvisioningStyle = Automatic;
					};
					094F297120EF372500772723 = {
						CreatedOnToolsVersion = 9.2;
						ProvisioningStyle = Automatic;
						TestTargetID = 094F295920EF372500772723;
					};
					094F297C20EF372500772723 = {
						CreatedOnToolsVersion = 9.2;
						ProvisioningStyle = Automatic;
						TestTargetID = 094F295920EF372500772723;
					};
				};
			};
			buildConfigurationList = 094F295520EF372500772723 /* Build configuration list for PBXProject "SYPopTip" */;
			compatibilityVersion = "Xcode 8.0";
			developmentRegion = en;
			hasScannedForEncodings = 0;
			knownRegions = (
				en,
				Base,
			);
			mainGroup = 094F295120EF372500772723;
			productRefGroup = 094F295B20EF372500772723 /* Products */;
			projectDirPath = "";
			projectRoot = "";
			targets = (
				094F295920EF372500772723 /* SYPopTip */,
				094F297120EF372500772723 /* SYPopTipTests */,
				094F297C20EF372500772723 /* SYPopTipUITests */,
			);
		};
/* End PBXProject section */

/* Begin PBXResourcesBuildPhase section */
		094F295820EF372500772723 /* Resources */ = {
			isa = PBXResourcesBuildPhase;
			buildActionMask = 2147483647;
			files = (
				094F296A20EF372500772723 /* LaunchScreen.storyboard in Resources */,
				094F296720EF372500772723 /* Assets.xcassets in Resources */,
				094F296520EF372500772723 /* Main.storyboard in Resources */,
			);
			runOnlyForDeploymentPostprocessing = 0;
		};
		094F297020EF372500772723 /* Resources */ = {
			isa = PBXResourcesBuildPhase;
			buildActionMask = 2147483647;
			files = (
			);
			runOnlyForDeploymentPostprocessing = 0;
		};
		094F297B20EF372500772723 /* Resources */ = {
			isa = PBXResourcesBuildPhase;
			buildActionMask = 2147483647;
			files = (
			);
			runOnlyForDeploymentPostprocessing = 0;
		};
/* End PBXResourcesBuildPhase section */

/* Begin PBXShellScriptBuildPhase section */
		16B43754A572B4C36F9745D8 /* [CP] Check Pods Manifest.lock */ = {
			isa = PBXShellScriptBuildPhase;
			buildActionMask = 2147483647;
			files = (
			);
			inputPaths = (
				"${PODS_PODFILE_DIR_PATH}/Podfile.lock",
				"${PODS_ROOT}/Manifest.lock",
			);
			name = "[CP] Check Pods Manifest.lock";
			outputPaths = (
				"$(DERIVED_FILE_DIR)/Pods-SYPopTipUITests-checkManifestLockResult.txt",
			);
			runOnlyForDeploymentPostprocessing = 0;
			shellPath = /bin/sh;
			shellScript = "diff \"${PODS_PODFILE_DIR_PATH}/Podfile.lock\" \"${PODS_ROOT}/Manifest.lock\" > /dev/null\nif [ $? != 0 ] ; then\n    # print error to STDERR\n    echo \"error: The sandbox is not in sync with the Podfile.lock. Run 'pod install' or update your CocoaPods installation.\" >&2\n    exit 1\nfi\n# This output is used by Xcode 'outputs' to avoid re-running this script phase.\necho \"SUCCESS\" > \"${SCRIPT_OUTPUT_FILE_0}\"\n";
			showEnvVarsInLog = 0;
		};
		210746059B19567E06C60581 /* [CP] Check Pods Manifest.lock */ = {
			isa = PBXShellScriptBuildPhase;
			buildActionMask = 2147483647;
			files = (
			);
			inputPaths = (
				"${PODS_PODFILE_DIR_PATH}/Podfile.lock",
				"${PODS_ROOT}/Manifest.lock",
			);
			name = "[CP] Check Pods Manifest.lock";
			outputPaths = (
				"$(DERIVED_FILE_DIR)/Pods-SYPopTipTests-checkManifestLockResult.txt",
			);
			runOnlyForDeploymentPostprocessing = 0;
			shellPath = /bin/sh;
			shellScript = "diff \"${PODS_PODFILE_DIR_PATH}/Podfile.lock\" \"${PODS_ROOT}/Manifest.lock\" > /dev/null\nif [ $? != 0 ] ; then\n    # print error to STDERR\n    echo \"error: The sandbox is not in sync with the Podfile.lock. Run 'pod install' or update your CocoaPods installation.\" >&2\n    exit 1\nfi\n# This output is used by Xcode 'outputs' to avoid re-running this script phase.\necho \"SUCCESS\" > \"${SCRIPT_OUTPUT_FILE_0}\"\n";
			showEnvVarsInLog = 0;
		};
		412758F8FF88DF6A0593D97A /* [CP] Copy Pods Resources */ = {
			isa = PBXShellScriptBuildPhase;
			buildActionMask = 2147483647;
			files = (
			);
			inputPaths = (
			);
			name = "[CP] Copy Pods Resources";
			outputPaths = (
			);
			runOnlyForDeploymentPostprocessing = 0;
			shellPath = /bin/sh;
			shellScript = "\"${SRCROOT}/Pods/Target Support Files/Pods-SYPopTipTests/Pods-SYPopTipTests-resources.sh\"\n";
			showEnvVarsInLog = 0;
		};
		4A5971C235FFFAE1976BBE8B /* [CP] Check Pods Manifest.lock */ = {
			isa = PBXShellScriptBuildPhase;
			buildActionMask = 2147483647;
			files = (
			);
			inputPaths = (
				"${PODS_PODFILE_DIR_PATH}/Podfile.lock",
				"${PODS_ROOT}/Manifest.lock",
			);
			name = "[CP] Check Pods Manifest.lock";
			outputPaths = (
				"$(DERIVED_FILE_DIR)/Pods-SYPopTip-checkManifestLockResult.txt",
			);
			runOnlyForDeploymentPostprocessing = 0;
			shellPath = /bin/sh;
			shellScript = "diff \"${PODS_PODFILE_DIR_PATH}/Podfile.lock\" \"${PODS_ROOT}/Manifest.lock\" > /dev/null\nif [ $? != 0 ] ; then\n    # print error to STDERR\n    echo \"error: The sandbox is not in sync with the Podfile.lock. Run 'pod install' or update your CocoaPods installation.\" >&2\n    exit 1\nfi\n# This output is used by Xcode 'outputs' to avoid re-running this script phase.\necho \"SUCCESS\" > \"${SCRIPT_OUTPUT_FILE_0}\"\n";
			showEnvVarsInLog = 0;
		};
		7F55B6D3B0D42D01DA8E2BBD /* [CP] Embed Pods Frameworks */ = {
			isa = PBXShellScriptBuildPhase;
			buildActionMask = 2147483647;
			files = (
			);
			inputPaths = (
			);
			name = "[CP] Embed Pods Frameworks";
			outputPaths = (
			);
			runOnlyForDeploymentPostprocessing = 0;
			shellPath = /bin/sh;
			shellScript = "\"${SRCROOT}/Pods/Target Support Files/Pods-SYPopTipUITests/Pods-SYPopTipUITests-frameworks.sh\"\n";
			showEnvVarsInLog = 0;
		};
		96705DDC938B7D1DECCFFBD9 /* [CP] Copy Pods Resources */ = {
			isa = PBXShellScriptBuildPhase;
			buildActionMask = 2147483647;
			files = (
			);
			inputPaths = (
			);
			name = "[CP] Copy Pods Resources";
			outputPaths = (
			);
			runOnlyForDeploymentPostprocessing = 0;
			shellPath = /bin/sh;
			shellScript = "\"${SRCROOT}/Pods/Target Support Files/Pods-SYPopTip/Pods-SYPopTip-resources.sh\"\n";
			showEnvVarsInLog = 0;
		};
		A4A800F63261FAF304A50AA6 /* [CP] Copy Pods Resources */ = {
			isa = PBXShellScriptBuildPhase;
			buildActionMask = 2147483647;
			files = (
			);
			inputPaths = (
			);
			name = "[CP] Copy Pods Resources";
			outputPaths = (
			);
			runOnlyForDeploymentPostprocessing = 0;
			shellPath = /bin/sh;
			shellScript = "\"${SRCROOT}/Pods/Target Support Files/Pods-SYPopTipUITests/Pods-SYPopTipUITests-resources.sh\"\n";
			showEnvVarsInLog = 0;
		};
		C4DE49D317394989CF1ABF22 /* [CP] Embed Pods Frameworks */ = {
			isa = PBXShellScriptBuildPhase;
			buildActionMask = 2147483647;
			files = (
			);
			inputPaths = (
			);
			name = "[CP] Embed Pods Frameworks";
			outputPaths = (
			);
			runOnlyForDeploymentPostprocessing = 0;
			shellPath = /bin/sh;
			shellScript = "\"${SRCROOT}/Pods/Target Support Files/Pods-SYPopTip/Pods-SYPopTip-frameworks.sh\"\n";
			showEnvVarsInLog = 0;
		};
		DDA365268FF92E8735DC8947 /* [CP] Embed Pods Frameworks */ = {
			isa = PBXShellScriptBuildPhase;
			buildActionMask = 2147483647;
			files = (
			);
			inputPaths = (
			);
			name = "[CP] Embed Pods Frameworks";
			outputPaths = (
			);
			runOnlyForDeploymentPostprocessing = 0;
			shellPath = /bin/sh;
			shellScript = "\"${SRCROOT}/Pods/Target Support Files/Pods-SYPopTipTests/Pods-SYPopTipTests-frameworks.sh\"\n";
			showEnvVarsInLog = 0;
		};
/* End PBXShellScriptBuildPhase section */

/* Begin PBXSourcesBuildPhase section */
		094F295620EF372500772723 /* Sources */ = {
			isa = PBXSourcesBuildPhase;
			buildActionMask = 2147483647;
			files = (
				094F296220EF372500772723 /* ViewController.m in Sources */,
				094F296D20EF372500772723 /* main.m in Sources */,
				094F295F20EF372500772723 /* AppDelegate.m in Sources */,
			);
			runOnlyForDeploymentPostprocessing = 0;
		};
		094F296E20EF372500772723 /* Sources */ = {
			isa = PBXSourcesBuildPhase;
			buildActionMask = 2147483647;
			files = (
				094F297720EF372500772723 /* SYPopTipTests.m in Sources */,
			);
			runOnlyForDeploymentPostprocessing = 0;
		};
		094F297920EF372500772723 /* Sources */ = {
			isa = PBXSourcesBuildPhase;
			buildActionMask = 2147483647;
			files = (
				094F298220EF372500772723 /* SYPopTipUITests.m in Sources */,
			);
			runOnlyForDeploymentPostprocessing = 0;
		};
/* End PBXSourcesBuildPhase section */

/* Begin PBXTargetDependency section */
		094F297420EF372500772723 /* PBXTargetDependency */ = {
			isa = PBXTargetDependency;
			target = 094F295920EF372500772723 /* SYPopTip */;
			targetProxy = 094F297320EF372500772723 /* PBXContainerItemProxy */;
		};
		094F297F20EF372500772723 /* PBXTargetDependency */ = {
			isa = PBXTargetDependency;
			target = 094F295920EF372500772723 /* SYPopTip */;
			targetProxy = 094F297E20EF372500772723 /* PBXContainerItemProxy */;
		};
/* End PBXTargetDependency section */

/* Begin PBXVariantGroup section */
		094F296320EF372500772723 /* Main.storyboard */ = {
			isa = PBXVariantGroup;
			children = (
				094F296420EF372500772723 /* Base */,
			);
			name = Main.storyboard;
			sourceTree = "<group>";
		};
		094F296820EF372500772723 /* LaunchScreen.storyboard */ = {
			isa = PBXVariantGroup;
			children = (
				094F296920EF372500772723 /* Base */,
			);
			name = LaunchScreen.storyboard;
			sourceTree = "<group>";
		};
/* End PBXVariantGroup section */

/* Begin XCBuildConfiguration section */
		094F298420EF372500772723 /* Debug */ = {
			isa = XCBuildConfiguration;
			buildSettings = {
				ALWAYS_SEARCH_USER_PATHS = NO;
				CLANG_ANALYZER_NONNULL = YES;
				CLANG_ANALYZER_NUMBER_OBJECT_CONVERSION = YES_AGGRESSIVE;
				CLANG_CXX_LANGUAGE_STANDARD = "gnu++14";
				CLANG_CXX_LIBRARY = "libc++";
				CLANG_ENABLE_MODULES = YES;
				CLANG_ENABLE_OBJC_ARC = YES;
				CLANG_WARN_BLOCK_CAPTURE_AUTORELEASING = YES;
				CLANG_WARN_BOOL_CONVERSION = YES;
				CLANG_WARN_COMMA = YES;
				CLANG_WARN_CONSTANT_CONVERSION = YES;
				CLANG_WARN_DIRECT_OBJC_ISA_USAGE = YES_ERROR;
				CLANG_WARN_DOCUMENTATION_COMMENTS = YES;
				CLANG_WARN_EMPTY_BODY = YES;
				CLANG_WARN_ENUM_CONVERSION = YES;
				CLANG_WARN_INFINITE_RECURSION = YES;
				CLANG_WARN_INT_CONVERSION = YES;
				CLANG_WARN_NON_LITERAL_NULL_CONVERSION = YES;
				CLANG_WARN_OBJC_LITERAL_CONVERSION = YES;
				CLANG_WARN_OBJC_ROOT_CLASS = YES_ERROR;
				CLANG_WARN_RANGE_LOOP_ANALYSIS = YES;
				CLANG_WARN_STRICT_PROTOTYPES = YES;
				CLANG_WARN_SUSPICIOUS_MOVE = YES;
				CLANG_WARN_UNGUARDED_AVAILABILITY = YES_AGGRESSIVE;
				CLANG_WARN_UNREACHABLE_CODE = YES;
				CLANG_WARN__DUPLICATE_METHOD_MATCH = YES;
				CODE_SIGN_IDENTITY = "iPhone Developer";
				COPY_PHASE_STRIP = NO;
				DEBUG_INFORMATION_FORMAT = dwarf;
				ENABLE_STRICT_OBJC_MSGSEND = YES;
				ENABLE_TESTABILITY = YES;
				GCC_C_LANGUAGE_STANDARD = gnu11;
				GCC_DYNAMIC_NO_PIC = NO;
				GCC_NO_COMMON_BLOCKS = YES;
				GCC_OPTIMIZATION_LEVEL = 0;
				GCC_PREPROCESSOR_DEFINITIONS = (
					"DEBUG=1",
					"$(inherited)",
				);
				GCC_WARN_64_TO_32_BIT_CONVERSION = YES;
				GCC_WARN_ABOUT_RETURN_TYPE = YES_ERROR;
				GCC_WARN_UNDECLARED_SELECTOR = YES;
				GCC_WARN_UNINITIALIZED_AUTOS = YES_AGGRESSIVE;
				GCC_WARN_UNUSED_FUNCTION = YES;
				GCC_WARN_UNUSED_VARIABLE = YES;
				IPHONEOS_DEPLOYMENT_TARGET = 11.2;
				MTL_ENABLE_DEBUG_INFO = YES;
				ONLY_ACTIVE_ARCH = YES;
				SDKROOT = iphoneos;
			};
			name = Debug;
		};
		094F298520EF372500772723 /* Release */ = {
			isa = XCBuildConfiguration;
			buildSettings = {
				ALWAYS_SEARCH_USER_PATHS = NO;
				CLANG_ANALYZER_NONNULL = YES;
				CLANG_ANALYZER_NUMBER_OBJECT_CONVERSION = YES_AGGRESSIVE;
				CLANG_CXX_LANGUAGE_STANDARD = "gnu++14";
				CLANG_CXX_LIBRARY = "libc++";
				CLANG_ENABLE_MODULES = YES;
				CLANG_ENABLE_OBJC_ARC = YES;
				CLANG_WARN_BLOCK_CAPTURE_AUTORELEASING = YES;
				CLANG_WARN_BOOL_CONVERSION = YES;
				CLANG_WARN_COMMA = YES;
				CLANG_WARN_CONSTANT_CONVERSION = YES;
				CLANG_WARN_DIRECT_OBJC_ISA_USAGE = YES_ERROR;
				CLANG_WARN_DOCUMENTATION_COMMENTS = YES;
				CLANG_WARN_EMPTY_BODY = YES;
				CLANG_WARN_ENUM_CONVERSION = YES;
				CLANG_WARN_INFINITE_RECURSION = YES;
				CLANG_WARN_INT_CONVERSION = YES;
				CLANG_WARN_NON_LITERAL_NULL_CONVERSION = YES;
				CLANG_WARN_OBJC_LITERAL_CONVERSION = YES;
				CLANG_WARN_OBJC_ROOT_CLASS = YES_ERROR;
				CLANG_WARN_RANGE_LOOP_ANALYSIS = YES;
				CLANG_WARN_STRICT_PROTOTYPES = YES;
				CLANG_WARN_SUSPICIOUS_MOVE = YES;
				CLANG_WARN_UNGUARDED_AVAILABILITY = YES_AGGRESSIVE;
				CLANG_WARN_UNREACHABLE_CODE = YES;
				CLANG_WARN__DUPLICATE_METHOD_MATCH = YES;
				CODE_SIGN_IDENTITY = "iPhone Developer";
				COPY_PHASE_STRIP = NO;
				DEBUG_INFORMATION_FORMAT = "dwarf-with-dsym";
				ENABLE_NS_ASSERTIONS = NO;
				ENABLE_STRICT_OBJC_MSGSEND = YES;
				GCC_C_LANGUAGE_STANDARD = gnu11;
				GCC_NO_COMMON_BLOCKS = YES;
				GCC_WARN_64_TO_32_BIT_CONVERSION = YES;
				GCC_WARN_ABOUT_RETURN_TYPE = YES_ERROR;
				GCC_WARN_UNDECLARED_SELECTOR = YES;
				GCC_WARN_UNINITIALIZED_AUTOS = YES_AGGRESSIVE;
				GCC_WARN_UNUSED_FUNCTION = YES;
				GCC_WARN_UNUSED_VARIABLE = YES;
				IPHONEOS_DEPLOYMENT_TARGET = 11.2;
				MTL_ENABLE_DEBUG_INFO = NO;
				SDKROOT = iphoneos;
				VALIDATE_PRODUCT = YES;
			};
			name = Release;
		};
		094F298720EF372500772723 /* Debug */ = {
			isa = XCBuildConfiguration;
			baseConfigurationReference = BCD909E276988250579C1B80 /* Pods-SYPopTip.debug.xcconfig */;
			buildSettings = {
				ASSETCATALOG_COMPILER_APPICON_NAME = AppIcon;
				CODE_SIGN_STYLE = Automatic;
				INFOPLIST_FILE = SYPopTip/Info.plist;
				LD_RUNPATH_SEARCH_PATHS = "$(inherited) @executable_path/Frameworks";
				PRODUCT_BUNDLE_IDENTIFIER = com.syx.SYPopTip;
				PRODUCT_NAME = "$(TARGET_NAME)";
				TARGETED_DEVICE_FAMILY = "1,2";
			};
			name = Debug;
		};
		094F298820EF372500772723 /* Release */ = {
			isa = XCBuildConfiguration;
			baseConfigurationReference = 887834D4ACC1380B770CC563 /* Pods-SYPopTip.release.xcconfig */;
			buildSettings = {
				ASSETCATALOG_COMPILER_APPICON_NAME = AppIcon;
				CODE_SIGN_STYLE = Automatic;
				INFOPLIST_FILE = SYPopTip/Info.plist;
				LD_RUNPATH_SEARCH_PATHS = "$(inherited) @executable_path/Frameworks";
				PRODUCT_BUNDLE_IDENTIFIER = com.syx.SYPopTip;
				PRODUCT_NAME = "$(TARGET_NAME)";
				TARGETED_DEVICE_FAMILY = "1,2";
			};
			name = Release;
		};
		094F298A20EF372500772723 /* Debug */ = {
			isa = XCBuildConfiguration;
			baseConfigurationReference = EC7DCE8513BD3A9384929364 /* Pods-SYPopTipTests.debug.xcconfig */;
			buildSettings = {
				BUNDLE_LOADER = "$(TEST_HOST)";
				CODE_SIGN_STYLE = Automatic;
				INFOPLIST_FILE = SYPopTipTests/Info.plist;
				LD_RUNPATH_SEARCH_PATHS = "$(inherited) @executable_path/Frameworks @loader_path/Frameworks";
				PRODUCT_BUNDLE_IDENTIFIER = com.syx.SYPopTipTests;
				PRODUCT_NAME = "$(TARGET_NAME)";
				TARGETED_DEVICE_FAMILY = "1,2";
				TEST_HOST = "$(BUILT_PRODUCTS_DIR)/SYPopTip.app/SYPopTip";
			};
			name = Debug;
		};
		094F298B20EF372500772723 /* Release */ = {
			isa = XCBuildConfiguration;
			baseConfigurationReference = 398C6301EC264E7C1712651F /* Pods-SYPopTipTests.release.xcconfig */;
			buildSettings = {
				BUNDLE_LOADER = "$(TEST_HOST)";
				CODE_SIGN_STYLE = Automatic;
				INFOPLIST_FILE = SYPopTipTests/Info.plist;
				LD_RUNPATH_SEARCH_PATHS = "$(inherited) @executable_path/Frameworks @loader_path/Frameworks";
				PRODUCT_BUNDLE_IDENTIFIER = com.syx.SYPopTipTests;
				PRODUCT_NAME = "$(TARGET_NAME)";
				TARGETED_DEVICE_FAMILY = "1,2";
				TEST_HOST = "$(BUILT_PRODUCTS_DIR)/SYPopTip.app/SYPopTip";
			};
			name = Release;
		};
		094F298D20EF372500772723 /* Debug */ = {
			isa = XCBuildConfiguration;
			baseConfigurationReference = 9F25908DE74C66AC2109FACF /* Pods-SYPopTipUITests.debug.xcconfig */;
			buildSettings = {
				CODE_SIGN_STYLE = Automatic;
				INFOPLIST_FILE = SYPopTipUITests/Info.plist;
				LD_RUNPATH_SEARCH_PATHS = "$(inherited) @executable_path/Frameworks @loader_path/Frameworks";
				PRODUCT_BUNDLE_IDENTIFIER = com.syx.SYPopTipUITests;
				PRODUCT_NAME = "$(TARGET_NAME)";
				TARGETED_DEVICE_FAMILY = "1,2";
				TEST_TARGET_NAME = SYPopTip;
			};
			name = Debug;
		};
		094F298E20EF372500772723 /* Release */ = {
			isa = XCBuildConfiguration;
			baseConfigurationReference = 63C699345FD2EA87A1AA4E86 /* Pods-SYPopTipUITests.release.xcconfig */;
			buildSettings = {
				CODE_SIGN_STYLE = Automatic;
				INFOPLIST_FILE = SYPopTipUITests/Info.plist;
				LD_RUNPATH_SEARCH_PATHS = "$(inherited) @executable_path/Frameworks @loader_path/Frameworks";
				PRODUCT_BUNDLE_IDENTIFIER = com.syx.SYPopTipUITests;
				PRODUCT_NAME = "$(TARGET_NAME)";
				TARGETED_DEVICE_FAMILY = "1,2";
				TEST_TARGET_NAME = SYPopTip;
			};
			name = Release;
		};
/* End XCBuildConfiguration section */

/* Begin XCConfigurationList section */
		094F295520EF372500772723 /* Build configuration list for PBXProject "SYPopTip" */ = {
			isa = XCConfigurationList;
			buildConfigurations = (
				094F298420EF372500772723 /* Debug */,
				094F298520EF372500772723 /* Release */,
			);
			defaultConfigurationIsVisible = 0;
			defaultConfigurationName = Release;
		};
		094F298620EF372500772723 /* Build configuration list for PBXNativeTarget "SYPopTip" */ = {
			isa = XCConfigurationList;
			buildConfigurations = (
				094F298720EF372500772723 /* Debug */,
				094F298820EF372500772723 /* Release */,
			);
			defaultConfigurationIsVisible = 0;
			defaultConfigurationName = Release;
		};
		094F298920EF372500772723 /* Build configuration list for PBXNativeTarget "SYPopTipTests" */ = {
			isa = XCConfigurationList;
			buildConfigurations = (
				094F298A20EF372500772723 /* Debug */,
				094F298B20EF372500772723 /* Release */,
			);
			defaultConfigurationIsVisible = 0;
			defaultConfigurationName = Release;
		};
		094F298C20EF372500772723 /* Build configuration list for PBXNativeTarget "SYPopTipUITests" */ = {
			isa = XCConfigurationList;
			buildConfigurations = (
				094F298D20EF372500772723 /* Debug */,
				094F298E20EF372500772723 /* Release */,
			);
			defaultConfigurationIsVisible = 0;
			defaultConfigurationName = Release;
		};
/* End XCConfigurationList section */
	};
	rootObject = 094F295220EF372500772723 /* Project object */;
}
